
Microsoft Visual Studio Solution File, Format Version 12.00
# Visual Studio Version 17
VisualStudioVersion = 17.8.34525.116
MinimumVisualStudioVersion = 10.0.40219.1
Project("{9A19103F-16F7-4668-BE54-9A1E7A4F7556}") = "Forum.API", "Forum.API\Forum.API.csproj", "{6FDA626B-682B-4D0E-A5DB-DC99299A67A2}"
EndProject
Project("{2150E333-8FDC-42A3-9474-1A3956D46DE8}") = "src", "src", "{B8D79DD9-7DBC-48BC-9162-9657DEE9F47B}"
EndProject
Project("{2150E333-8FDC-42A3-9474-1A3956D46DE8}") = "presentation", "presentation", "{B3E360FE-8C0D-487A-A94B-155F11E28E97}"
EndProject
Project("{2150E333-8FDC-42A3-9474-1A3956D46DE8}") = "core", "core", "{F75E44E3-4B9B-49A0-ACCF-36B80AF2FB48}"
EndProject
Project("{2150E333-8FDC-42A3-9474-1A3956D46DE8}") = "infrastructure", "infrastructure", "{46E44884-3784-4EE1-9026-F3A1A111EBDC}"
EndProject
Project("{9A19103F-16F7-4668-BE54-9A1E7A4F7556}") = "Forum.Application", "Forum.Application\Forum.Application.csproj", "{1C5E1D01-203C-4970-A0D6-F0D864236980}"
EndProject
Project("{9A19103F-16F7-4668-BE54-9A1E7A4F7556}") = "Forum.Domain", "Forum.Domain\Forum.Domain.csproj", "{9EF252EB-EC1F-4B35-BB1D-A03BD3382B83}"
EndProject
Project("{9A19103F-16F7-4668-BE54-9A1E7A4F7556}") = "Forum.Persistence", "Forum.Persistence\Forum.Persistence.csproj", "{9C6A2F38-E80C-4992-9B47-DC62A35649C6}"
EndProject
Project("{9A19103F-16F7-4668-BE54-9A1E7A4F7556}") = "Forum.Infrastructure", "Forum.Infrastructure\Forum.Infrastructure.csproj", "{E003605F-4824-4DA9-90E1-21784758BA02}"
EndProject
Project("{9A19103F-16F7-4668-BE54-9A1E7A4F7556}") = "Forum.BackgroundServices", "Forum.BackgroundServices\Forum.BackgroundServices.csproj", "{9AB1C024-F5AC-4601-B4E1-8EA253E2BB36}"
EndProject
Project("{9A19103F-16F7-4668-BE54-9A1E7A4F7556}") = "ForumWebApp", "ForumWebApp\ForumWebApp.csproj", "{A7D48399-427B-432D-B587-7EE0E613D95C}"
EndProject
Project("{2150E333-8FDC-42A3-9474-1A3956D46DE8}") = "test", "test", "{CEBD955F-DA45-436E-8A50-029ABB9C886E}"
EndProject
Project("{FAE04EC0-301F-11D3-BF4B-00C04F79EFBC}") = "ForumManagement.Application.Tests", "ForumManagement.Application.Tests\ForumManagement.Application.Tests.csproj", "{01AB986D-B4D8-4588-886B-C1D054E02104}"
EndProject
Global
	GlobalSection(SolutionConfigurationPlatforms) = preSolution
		Debug|Any CPU = Debug|Any CPU
		Release|Any CPU = Release|Any CPU
	EndGlobalSection
	GlobalSection(ProjectConfigurationPlatforms) = postSolution
		{6FDA626B-682B-4D0E-A5DB-DC99299A67A2}.Debug|Any CPU.ActiveCfg = Debug|Any CPU
		{6FDA626B-682B-4D0E-A5DB-DC99299A67A2}.Debug|Any CPU.Build.0 = Debug|Any CPU
		{6FDA626B-682B-4D0E-A5DB-DC99299A67A2}.Release|Any CPU.ActiveCfg = Release|Any CPU
		{6FDA626B-682B-4D0E-A5DB-DC99299A67A2}.Release|Any CPU.Build.0 = Release|Any CPU
		{1C5E1D01-203C-4970-A0D6-F0D864236980}.Debug|Any CPU.ActiveCfg = Debug|Any CPU
		{1C5E1D01-203C-4970-A0D6-F0D864236980}.Debug|Any CPU.Build.0 = Debug|Any CPU
		{1C5E1D01-203C-4970-A0D6-F0D864236980}.Release|Any CPU.ActiveCfg = Release|Any CPU
		{1C5E1D01-203C-4970-A0D6-F0D864236980}.Release|Any CPU.Build.0 = Release|Any CPU
		{9EF252EB-EC1F-4B35-BB1D-A03BD3382B83}.Debug|Any CPU.ActiveCfg = Debug|Any CPU
		{9EF252EB-EC1F-4B35-BB1D-A03BD3382B83}.Debug|Any CPU.Build.0 = Debug|Any CPU
		{9EF252EB-EC1F-4B35-BB1D-A03BD3382B83}.Release|Any CPU.ActiveCfg = Release|Any CPU
		{9EF252EB-EC1F-4B35-BB1D-A03BD3382B83}.Release|Any CPU.Build.0 = Release|Any CPU
		{9C6A2F38-E80C-4992-9B47-DC62A35649C6}.Debug|Any CPU.ActiveCfg = Debug|Any CPU
		{9C6A2F38-E80C-4992-9B47-DC62A35649C6}.Debug|Any CPU.Build.0 = Debug|Any CPU
		{9C6A2F38-E80C-4992-9B47-DC62A35649C6}.Release|Any CPU.ActiveCfg = Release|Any CPU
		{9C6A2F38-E80C-4992-9B47-DC62A35649C6}.Release|Any CPU.Build.0 = Release|Any CPU
		{E003605F-4824-4DA9-90E1-21784758BA02}.Debug|Any CPU.ActiveCfg = Debug|Any CPU
		{E003605F-4824-4DA9-90E1-21784758BA02}.Debug|Any CPU.Build.0 = Debug|Any CPU
		{E003605F-4824-4DA9-90E1-21784758BA02}.Release|Any CPU.ActiveCfg = Release|Any CPU
		{E003605F-4824-4DA9-90E1-21784758BA02}.Release|Any CPU.Build.0 = Release|Any CPU
		{9AB1C024-F5AC-4601-B4E1-8EA253E2BB36}.Debug|Any CPU.ActiveCfg = Debug|Any CPU
		{9AB1C024-F5AC-4601-B4E1-8EA253E2BB36}.Debug|Any CPU.Build.0 = Debug|Any CPU
		{9AB1C024-F5AC-4601-B4E1-8EA253E2BB36}.Release|Any CPU.ActiveCfg = Release|Any CPU
		{9AB1C024-F5AC-4601-B4E1-8EA253E2BB36}.Release|Any CPU.Build.0 = Release|Any CPU
		{A7D48399-427B-432D-B587-7EE0E613D95C}.Debug|Any CPU.ActiveCfg = Debug|Any CPU
		{A7D48399-427B-432D-B587-7EE0E613D95C}.Debug|Any CPU.Build.0 = Debug|Any CPU
		{A7D48399-427B-432D-B587-7EE0E613D95C}.Release|Any CPU.ActiveCfg = Release|Any CPU
		{A7D48399-427B-432D-B587-7EE0E613D95C}.Release|Any CPU.Build.0 = Release|Any CPU
		{01AB986D-B4D8-4588-886B-C1D054E02104}.Debug|Any CPU.ActiveCfg = Debug|Any CPU
		{01AB986D-B4D8-4588-886B-C1D054E02104}.Debug|Any CPU.Build.0 = Debug|Any CPU
		{01AB986D-B4D8-4588-886B-C1D054E02104}.Release|Any CPU.ActiveCfg = Release|Any CPU
		{01AB986D-B4D8-4588-886B-C1D054E02104}.Release|Any CPU.Build.0 = Release|Any CPU
	EndGlobalSection
	GlobalSection(SolutionProperties) = preSolution
		HideSolutionNode = FALSE
	EndGlobalSection
	GlobalSection(NestedProjects) = preSolution
		{6FDA626B-682B-4D0E-A5DB-DC99299A67A2} = {B3E360FE-8C0D-487A-A94B-155F11E28E97}
		{B3E360FE-8C0D-487A-A94B-155F11E28E97} = {B8D79DD9-7DBC-48BC-9162-9657DEE9F47B}
		{F75E44E3-4B9B-49A0-ACCF-36B80AF2FB48} = {B8D79DD9-7DBC-48BC-9162-9657DEE9F47B}
		{46E44884-3784-4EE1-9026-F3A1A111EBDC} = {B8D79DD9-7DBC-48BC-9162-9657DEE9F47B}
		{1C5E1D01-203C-4970-A0D6-F0D864236980} = {F75E44E3-4B9B-49A0-ACCF-36B80AF2FB48}
		{9EF252EB-EC1F-4B35-BB1D-A03BD3382B83} = {F75E44E3-4B9B-49A0-ACCF-36B80AF2FB48}
		{9C6A2F38-E80C-4992-9B47-DC62A35649C6} = {46E44884-3784-4EE1-9026-F3A1A111EBDC}
		{E003605F-4824-4DA9-90E1-21784758BA02} = {46E44884-3784-4EE1-9026-F3A1A111EBDC}
		{9AB1C024-F5AC-4601-B4E1-8EA253E2BB36} = {B3E360FE-8C0D-487A-A94B-155F11E28E97}
		{A7D48399-427B-432D-B587-7EE0E613D95C} = {B3E360FE-8C0D-487A-A94B-155F11E28E97}
		{CEBD955F-DA45-436E-8A50-029ABB9C886E} = {B8D79DD9-7DBC-48BC-9162-9657DEE9F47B}
		{01AB986D-B4D8-4588-886B-C1D054E02104} = {CEBD955F-DA45-436E-8A50-029ABB9C886E}
	EndGlobalSection
	GlobalSection(ExtensibilityGlobals) = postSolution
		SolutionGuid = {3FA994DC-D365-4DC5-9648-70F1593ACD6C}
	EndGlobalSection
EndGlobal
